github.com/nanxiaobei/hugo-paper v0.0.0-20240221180134-456c1657639f h1:LNz5/+s6wKUNi/K2sKKibDnkpgWowxWtsA6NmMsmS8E=
github.com/nanxiaobei/hugo-paper v0.0.0-20240221180134-456c1657639f/go.mod h1:cS2hTYPgmZ2FkPTQbOiX6vB0yLQcWD067kJx2lkRPVQ=
github.com/nanxiaobei/hugo-paper v0.0.0-20240728203631-6417bf0e3885 h1:XUsD86wSmClyo4tXhu0eocXHeZIiuXS3oHQm0LF/Rw0=
github.com/nanxiaobei/hugo-paper v0.0.0-20240728203631-6417bf0e3885/go.mod h1:cS2hTYPgmZ2FkPTQbOiX6vB0yLQcWD067kJx2lkRPVQ=
